# This file was autogenerated by Stack.
# You should not edit this file by hand.
# For more information, please see the documentation at:
#   https://docs.haskellstack.org/en/stable/lock_files

packages:
- completed:
    cabal-file:
      size: 2196
      sha256: 4704d4e2dda79d4634d80c05590fd0c7eb75f544a3bd8b8d83b6374c8aee9663
    name: QuickPlot
    version: 0.1.0.2
    git: https://github.com/sheegl/QuickPlot.git
    pantry-tree:
      size: 1841
      sha256: df154270bfd093ef4836f5dd779f30397a8cea16269adcd64a453719d340cd6b
    commit: e39782bb32e04dd2ddd4eb22a2fde6d7811077f3
  original:
    git: https://github.com/sheegl/QuickPlot.git
    commit: e39782bb32e04dd2ddd4eb22a2fde6d7811077f3
- completed:
    hackage: snap-1.1.2.0@sha256:5640450870d06e659b0f31dd47a7b767a053a78b48048ff8c12c014e08d6651e,9175
    pantry-tree:
      size: 5743
      sha256: ef0dfdb19409ce2aae0d8d9c6312e51931b89f0285bf5798a2349d8130cab89a
  original:
    hackage: snap-1.1.2.0@sha256:5640450870d06e659b0f31dd47a7b767a053a78b48048ff8c12c014e08d6651e,9175
- completed:
    hackage: heist-1.1.0.1@sha256:7c0fe723e766e41a234def6ad3162958512ad78d3aaaa9b36676186a4427dd01,8973
    pantry-tree:
      size: 7354
      sha256: 1ed83746a3e9470618ef67da249b0b4d78c87cc5c50d9c892e27db057c0d4866
  original:
    hackage: heist-1.1.0.1@sha256:7c0fe723e766e41a234def6ad3162958512ad78d3aaaa9b36676186a4427dd01,8973
- completed:
    hackage: map-syntax-0.3@sha256:84dc86fa1c292af25963bf7212ae7d55ce87239a9f8d4cc85bd0acc35874d2e1,2420
    pantry-tree:
      size: 558
      sha256: bb33cb3230b362d94f2367b313f06f9d73d2b2afa4626bd2fab8dc4d45468164
  original:
    hackage: map-syntax-0.3@sha256:84dc86fa1c292af25963bf7212ae7d55ce87239a9f8d4cc85bd0acc35874d2e1,2420
- completed:
    hackage: pwstore-fast-2.4.4@sha256:9b6a37510d8b9f37f409a8ab3babac9181afcaaa3fce8ba1c131a7ed3de30698,1351
    pantry-tree:
      size: 270
      sha256: ff4a44ede62515efe5cd366a5803f7183c811c4a0cf56eea88da94181c4844c0
  original:
    hackage: pwstore-fast-2.4.4@sha256:9b6a37510d8b9f37f409a8ab3babac9181afcaaa3fce8ba1c131a7ed3de30698,1351
- completed:
    hackage: xmlhtml-0.2.5.2@sha256:0e9ada870a5c5c7d522ed8444bef0f9f0e1587e31a5881f15a5f9cdd983af8b4,46997
    pantry-tree:
      size: 61835
      sha256: 13fdaf307ac4a3f60999aca0c367792e97f92428f56ffe144092a6360bd1e33f
  original:
    hackage: xmlhtml-0.2.5.2@sha256:0e9ada870a5c5c7d522ed8444bef0f9f0e1587e31a5881f15a5f9cdd983af8b4,46997
- completed:
    hackage: text-utf8-1.2.3.0@sha256:5c921fdb926f21a654036f2d42c79b04ea4303dbc5f28eabd48423c27ff10816,8127
    pantry-tree:
      size: 7325
      sha256: 96ddb8119b82aab9de1db02e7458bf11e0744e32a06c2a89f17c014e1f95e2bd
  original:
    hackage: text-utf8-1.2.3.0@sha256:5c921fdb926f21a654036f2d42c79b04ea4303dbc5f28eabd48423c27ff10816,8127
snapshots:
- completed:
    size: 524104
    url: https://raw.githubusercontent.com/commercialhaskell/stackage-snapshots/master/lts/14/5.yaml
    sha256: 3c146eebc1b383211ea49d5422fb3d63d699da12307b4bc989107300eb579d60
  original: lts-14.5
